
Microsoft Visual Studio Solution File, Format Version 12.00
# Visual Studio 15
VisualStudioVersion = 15.0.28307.329
MinimumVisualStudioVersion = 10.0.40219.1
Project("{FAE04EC0-301F-11D3-BF4B-00C04F79EFBC}") = "ExperimentalEntropyEstimation", "ExperimentalEntropyEstimation\ExperimentalEntropyEstimation.csproj", "{FB331428-597A-486D-A1FB-93B806FBA11C}"
EndProject
Global
	GlobalSection(SolutionConfigurationPlatforms) = preSolution
		Debug|Any CPU = Debug|Any CPU
		Release|Any CPU = Release|Any CPU
	EndGlobalSection
	GlobalSection(ProjectConfigurationPlatforms) = postSolution
		{FB331428-597A-486D-A1FB-93B806FBA11C}.Debug|Any CPU.ActiveCfg = Debug|Any CPU
		{FB331428-597A-486D-A1FB-93B806FBA11C}.Debug|Any CPU.Build.0 = Debug|Any CPU
		{FB331428-597A-486D-A1FB-93B806FBA11C}.Release|Any CPU.ActiveCfg = Release|Any CPU
		{FB331428-597A-486D-A1FB-93B806FBA11C}.Release|Any CPU.Build.0 = Release|Any CPU
	EndGlobalSection
	GlobalSection(SolutionProperties) = preSolution
		HideSolutionNode = FALSE
	EndGlobalSection
	GlobalSection(ExtensibilityGlobals) = postSolution
		SolutionGuid = {C42D7D51-BD53-4741-8BA5-FE545681EF3B}
	EndGlobalSection
EndGlobal
